
Microsoft Visual Studio Solution File, Format Version 12.00
# Visual Studio Version 16
VisualStudioVersion = 16.0.30804.86
MinimumVisualStudioVersion = 15.0.26124.0
Project("{9A19103F-16F7-4668-BE54-9A1E7A4F7556}") = "TrainingXUnit", "TrainingXUnit\TrainingXUnit.csproj", "{60612DA5-149A-4BA9-9B17-20AAFDDD54C3}"
EndProject
Project("{9A19103F-16F7-4668-BE54-9A1E7A4F7556}") = "TrainingXUnit.Tests", "TrainingXUnit.Tests\TrainingXUnit.Tests.csproj", "{639E84D2-1F9D-46ED-8A62-4493134CF2A4}"
EndProject
Global
	GlobalSection(SolutionConfigurationPlatforms) = preSolution
		Debug|Any CPU = Debug|Any CPU
		Debug|x64 = Debug|x64
		Debug|x86 = Debug|x86
		Release|Any CPU = Release|Any CPU
		Release|x64 = Release|x64
		Release|x86 = Release|x86
	EndGlobalSection
	GlobalSection(ProjectConfigurationPlatforms) = postSolution
		{60612DA5-149A-4BA9-9B17-20AAFDDD54C3}.Debug|Any CPU.ActiveCfg = Debug|Any CPU
		{60612DA5-149A-4BA9-9B17-20AAFDDD54C3}.Debug|Any CPU.Build.0 = Debug|Any CPU
		{60612DA5-149A-4BA9-9B17-20AAFDDD54C3}.Debug|x64.ActiveCfg = Debug|Any CPU
		{60612DA5-149A-4BA9-9B17-20AAFDDD54C3}.Debug|x64.Build.0 = Debug|Any CPU
		{60612DA5-149A-4BA9-9B17-20AAFDDD54C3}.Debug|x86.ActiveCfg = Debug|Any CPU
		{60612DA5-149A-4BA9-9B17-20AAFDDD54C3}.Debug|x86.Build.0 = Debug|Any CPU
		{60612DA5-149A-4BA9-9B17-20AAFDDD54C3}.Release|Any CPU.ActiveCfg = Release|Any CPU
		{60612DA5-149A-4BA9-9B17-20AAFDDD54C3}.Release|Any CPU.Build.0 = Release|Any CPU
		{60612DA5-149A-4BA9-9B17-20AAFDDD54C3}.Release|x64.ActiveCfg = Release|Any CPU
		{60612DA5-149A-4BA9-9B17-20AAFDDD54C3}.Release|x64.Build.0 = Release|Any CPU
		{60612DA5-149A-4BA9-9B17-20AAFDDD54C3}.Release|x86.ActiveCfg = Release|Any CPU
		{60612DA5-149A-4BA9-9B17-20AAFDDD54C3}.Release|x86.Build.0 = Release|Any CPU
		{639E84D2-1F9D-46ED-8A62-4493134CF2A4}.Debug|Any CPU.ActiveCfg = Debug|Any CPU
		{639E84D2-1F9D-46ED-8A62-4493134CF2A4}.Debug|Any CPU.Build.0 = Debug|Any CPU
		{639E84D2-1F9D-46ED-8A62-4493134CF2A4}.Debug|x64.ActiveCfg = Debug|Any CPU
		{639E84D2-1F9D-46ED-8A62-4493134CF2A4}.Debug|x64.Build.0 = Debug|Any CPU
		{639E84D2-1F9D-46ED-8A62-4493134CF2A4}.Debug|x86.ActiveCfg = Debug|Any CPU
		{639E84D2-1F9D-46ED-8A62-4493134CF2A4}.Debug|x86.Build.0 = Debug|Any CPU
		{639E84D2-1F9D-46ED-8A62-4493134CF2A4}.Release|Any CPU.ActiveCfg = Release|Any CPU
		{639E84D2-1F9D-46ED-8A62-4493134CF2A4}.Release|Any CPU.Build.0 = Release|Any CPU
		{639E84D2-1F9D-46ED-8A62-4493134CF2A4}.Release|x64.ActiveCfg = Release|Any CPU
		{639E84D2-1F9D-46ED-8A62-4493134CF2A4}.Release|x64.Build.0 = Release|Any CPU
		{639E84D2-1F9D-46ED-8A62-4493134CF2A4}.Release|x86.ActiveCfg = Release|Any CPU
		{639E84D2-1F9D-46ED-8A62-4493134CF2A4}.Release|x86.Build.0 = Release|Any CPU
	EndGlobalSection
	GlobalSection(SolutionProperties) = preSolution
		HideSolutionNode = FALSE
	EndGlobalSection
	GlobalSection(ExtensibilityGlobals) = postSolution
		SolutionGuid = {E1639A70-3540-427A-9B8D-02DF837069A4}
	EndGlobalSection
EndGlobal
