
Microsoft Visual Studio Solution File, Format Version 12.00
# Visual Studio Version 16
VisualStudioVersion = 16.0.30804.86
MinimumVisualStudioVersion = 15.0.26124.0
Project("{9A19103F-16F7-4668-BE54-9A1E7A4F7556}") = "TrainingDocker", "TrainingDocker.csproj", "{723A5704-69C8-427E-A723-4524B78A4368}"
EndProject
Project("{E53339B2-1760-4266-BCC7-CA923CBCF16C}") = "docker-compose", "docker-compose.dcproj", "{ED15EF41-2B17-4FA8-A7DD-4CCC426E61DA}"
EndProject
Global
	GlobalSection(SolutionConfigurationPlatforms) = preSolution
		Debug|Any CPU = Debug|Any CPU
		Debug|x64 = Debug|x64
		Debug|x86 = Debug|x86
		Release|Any CPU = Release|Any CPU
		Release|x64 = Release|x64
		Release|x86 = Release|x86
	EndGlobalSection
	GlobalSection(ProjectConfigurationPlatforms) = postSolution
		{723A5704-69C8-427E-A723-4524B78A4368}.Debug|Any CPU.ActiveCfg = Debug|Any CPU
		{723A5704-69C8-427E-A723-4524B78A4368}.Debug|Any CPU.Build.0 = Debug|Any CPU
		{723A5704-69C8-427E-A723-4524B78A4368}.Debug|x64.ActiveCfg = Debug|Any CPU
		{723A5704-69C8-427E-A723-4524B78A4368}.Debug|x64.Build.0 = Debug|Any CPU
		{723A5704-69C8-427E-A723-4524B78A4368}.Debug|x86.ActiveCfg = Debug|Any CPU
		{723A5704-69C8-427E-A723-4524B78A4368}.Debug|x86.Build.0 = Debug|Any CPU
		{723A5704-69C8-427E-A723-4524B78A4368}.Release|Any CPU.ActiveCfg = Release|Any CPU
		{723A5704-69C8-427E-A723-4524B78A4368}.Release|Any CPU.Build.0 = Release|Any CPU
		{723A5704-69C8-427E-A723-4524B78A4368}.Release|x64.ActiveCfg = Release|Any CPU
		{723A5704-69C8-427E-A723-4524B78A4368}.Release|x64.Build.0 = Release|Any CPU
		{723A5704-69C8-427E-A723-4524B78A4368}.Release|x86.ActiveCfg = Release|Any CPU
		{723A5704-69C8-427E-A723-4524B78A4368}.Release|x86.Build.0 = Release|Any CPU
		{ED15EF41-2B17-4FA8-A7DD-4CCC426E61DA}.Debug|Any CPU.ActiveCfg = Debug|Any CPU
		{ED15EF41-2B17-4FA8-A7DD-4CCC426E61DA}.Debug|Any CPU.Build.0 = Debug|Any CPU
		{ED15EF41-2B17-4FA8-A7DD-4CCC426E61DA}.Debug|x64.ActiveCfg = Debug|Any CPU
		{ED15EF41-2B17-4FA8-A7DD-4CCC426E61DA}.Debug|x64.Build.0 = Debug|Any CPU
		{ED15EF41-2B17-4FA8-A7DD-4CCC426E61DA}.Debug|x86.ActiveCfg = Debug|Any CPU
		{ED15EF41-2B17-4FA8-A7DD-4CCC426E61DA}.Debug|x86.Build.0 = Debug|Any CPU
		{ED15EF41-2B17-4FA8-A7DD-4CCC426E61DA}.Release|Any CPU.ActiveCfg = Release|Any CPU
		{ED15EF41-2B17-4FA8-A7DD-4CCC426E61DA}.Release|Any CPU.Build.0 = Release|Any CPU
		{ED15EF41-2B17-4FA8-A7DD-4CCC426E61DA}.Release|x64.ActiveCfg = Release|Any CPU
		{ED15EF41-2B17-4FA8-A7DD-4CCC426E61DA}.Release|x64.Build.0 = Release|Any CPU
		{ED15EF41-2B17-4FA8-A7DD-4CCC426E61DA}.Release|x86.ActiveCfg = Release|Any CPU
		{ED15EF41-2B17-4FA8-A7DD-4CCC426E61DA}.Release|x86.Build.0 = Release|Any CPU
	EndGlobalSection
	GlobalSection(SolutionProperties) = preSolution
		HideSolutionNode = FALSE
	EndGlobalSection
	GlobalSection(ExtensibilityGlobals) = postSolution
		SolutionGuid = {1537C073-7D3E-4B0E-8DD9-8F5F35D8EF05}
	EndGlobalSection
EndGlobal
