
Microsoft Visual Studio Solution File, Format Version 12.00
# Visual Studio Version 16
VisualStudioVersion = 16.0.30804.86
MinimumVisualStudioVersion = 15.0.26124.0
Project("{9A19103F-16F7-4668-BE54-9A1E7A4F7556}") = "TrainingModelBinding", "TrainingModelBinding\TrainingModelBinding.csproj", "{FD7AE393-C7AC-4FE5-AA7E-A6F716FBDC7F}"
EndProject
Global
	GlobalSection(SolutionConfigurationPlatforms) = preSolution
		Debug|Any CPU = Debug|Any CPU
		Debug|x64 = Debug|x64
		Debug|x86 = Debug|x86
		Release|Any CPU = Release|Any CPU
		Release|x64 = Release|x64
		Release|x86 = Release|x86
	EndGlobalSection
	GlobalSection(ProjectConfigurationPlatforms) = postSolution
		{FD7AE393-C7AC-4FE5-AA7E-A6F716FBDC7F}.Debug|Any CPU.ActiveCfg = Debug|Any CPU
		{FD7AE393-C7AC-4FE5-AA7E-A6F716FBDC7F}.Debug|Any CPU.Build.0 = Debug|Any CPU
		{FD7AE393-C7AC-4FE5-AA7E-A6F716FBDC7F}.Debug|x64.ActiveCfg = Debug|Any CPU
		{FD7AE393-C7AC-4FE5-AA7E-A6F716FBDC7F}.Debug|x64.Build.0 = Debug|Any CPU
		{FD7AE393-C7AC-4FE5-AA7E-A6F716FBDC7F}.Debug|x86.ActiveCfg = Debug|Any CPU
		{FD7AE393-C7AC-4FE5-AA7E-A6F716FBDC7F}.Debug|x86.Build.0 = Debug|Any CPU
		{FD7AE393-C7AC-4FE5-AA7E-A6F716FBDC7F}.Release|Any CPU.ActiveCfg = Release|Any CPU
		{FD7AE393-C7AC-4FE5-AA7E-A6F716FBDC7F}.Release|Any CPU.Build.0 = Release|Any CPU
		{FD7AE393-C7AC-4FE5-AA7E-A6F716FBDC7F}.Release|x64.ActiveCfg = Release|Any CPU
		{FD7AE393-C7AC-4FE5-AA7E-A6F716FBDC7F}.Release|x64.Build.0 = Release|Any CPU
		{FD7AE393-C7AC-4FE5-AA7E-A6F716FBDC7F}.Release|x86.ActiveCfg = Release|Any CPU
		{FD7AE393-C7AC-4FE5-AA7E-A6F716FBDC7F}.Release|x86.Build.0 = Release|Any CPU
	EndGlobalSection
	GlobalSection(SolutionProperties) = preSolution
		HideSolutionNode = FALSE
	EndGlobalSection
	GlobalSection(ExtensibilityGlobals) = postSolution
		SolutionGuid = {DF5F7B62-7391-4BB5-8901-C2213363C7AC}
	EndGlobalSection
EndGlobal
